
Microsoft Visual Studio Solution File, Format Version 12.00
# Visual Studio 14
VisualStudioVersion = 14.0.24720.0
MinimumVisualStudioVersion = 10.0.40219.1
Project("{8BC9CEB8-8B4A-11D0-8D11-00A0C91BC942}") = "338. Counting Bits", "338. Counting Bits\338. Counting Bits.vcxproj", "{B1694496-000C-400E-8C62-9DABAF8BFB69}"
EndProject
Project("{8BC9CEB8-8B4A-11D0-8D11-00A0C91BC942}") = "292. Nim Game", "292. Nim Game\292. Nim Game.vcxproj", "{340FE9D9-1265-4382-8C00-4705D3AA7AC7}"
EndProject
Project("{8BC9CEB8-8B4A-11D0-8D11-00A0C91BC942}") = "136. Single Number", "136. Single Number\136. Single Number.vcxproj", "{3C0502B7-E25B-49B6-8286-82C72DDCFE18}"
EndProject
Project("{8BC9CEB8-8B4A-11D0-8D11-00A0C91BC942}") = "258. Add Digits", "258. Add Digits\258. Add Digits.vcxproj", "{ADFA15E2-0CCD-4A85-895D-AD13E4013C5E}"
EndProject
Project("{8BC9CEB8-8B4A-11D0-8D11-00A0C91BC942}") = "104. Maximum Depth of Binary Tree", "104. Maximum Depth of Binary Tree\104. Maximum Depth of Binary Tree.vcxproj", "{6401BD65-E6C3-43A9-864F-83657016D01B}"
EndProject
Project("{8BC9CEB8-8B4A-11D0-8D11-00A0C91BC942}") = "226. Invert Binary Tree", "226. Invert Binary Tree\226. Invert Binary Tree.vcxproj", "{7B7E837D-3DDC-40AA-A14A-981335BB1B4F}"
EndProject
Project("{8BC9CEB8-8B4A-11D0-8D11-00A0C91BC942}") = "283. Move Zeroes", "283. Move Zeroes\283. Move Zeroes.vcxproj", "{D6EBCCB5-9705-4529-B13A-3509A3E69618}"
EndProject
Project("{8BC9CEB8-8B4A-11D0-8D11-00A0C91BC942}") = "237. Delete Node in a Linked List", "237. Delete Node in a Linked List\237. Delete Node in a Linked List.vcxproj", "{BC4104E2-ADD6-41A7-A20F-279FDD15F708}"
EndProject
Project("{8BC9CEB8-8B4A-11D0-8D11-00A0C91BC942}") = "260. Single Number III", "260. Single Number III\260. Single Number III.vcxproj", "{6771AFAF-BD43-45F0-A887-5A7A931D1886}"
EndProject
Global
	GlobalSection(SolutionConfigurationPlatforms) = preSolution
		Debug|x64 = Debug|x64
		Debug|x86 = Debug|x86
		Release|x64 = Release|x64
		Release|x86 = Release|x86
	EndGlobalSection
	GlobalSection(ProjectConfigurationPlatforms) = postSolution
		{B1694496-000C-400E-8C62-9DABAF8BFB69}.Debug|x64.ActiveCfg = Debug|x64
		{B1694496-000C-400E-8C62-9DABAF8BFB69}.Debug|x64.Build.0 = Debug|x64
		{B1694496-000C-400E-8C62-9DABAF8BFB69}.Debug|x86.ActiveCfg = Debug|Win32
		{B1694496-000C-400E-8C62-9DABAF8BFB69}.Debug|x86.Build.0 = Debug|Win32
		{B1694496-000C-400E-8C62-9DABAF8BFB69}.Release|x64.ActiveCfg = Release|x64
		{B1694496-000C-400E-8C62-9DABAF8BFB69}.Release|x64.Build.0 = Release|x64
		{B1694496-000C-400E-8C62-9DABAF8BFB69}.Release|x86.ActiveCfg = Release|Win32
		{B1694496-000C-400E-8C62-9DABAF8BFB69}.Release|x86.Build.0 = Release|Win32
		{340FE9D9-1265-4382-8C00-4705D3AA7AC7}.Debug|x64.ActiveCfg = Debug|x64
		{340FE9D9-1265-4382-8C00-4705D3AA7AC7}.Debug|x64.Build.0 = Debug|x64
		{340FE9D9-1265-4382-8C00-4705D3AA7AC7}.Debug|x86.ActiveCfg = Debug|Win32
		{340FE9D9-1265-4382-8C00-4705D3AA7AC7}.Debug|x86.Build.0 = Debug|Win32
		{340FE9D9-1265-4382-8C00-4705D3AA7AC7}.Release|x64.ActiveCfg = Release|x64
		{340FE9D9-1265-4382-8C00-4705D3AA7AC7}.Release|x64.Build.0 = Release|x64
		{340FE9D9-1265-4382-8C00-4705D3AA7AC7}.Release|x86.ActiveCfg = Release|Win32
		{340FE9D9-1265-4382-8C00-4705D3AA7AC7}.Release|x86.Build.0 = Release|Win32
		{3C0502B7-E25B-49B6-8286-82C72DDCFE18}.Debug|x64.ActiveCfg = Debug|x64
		{3C0502B7-E25B-49B6-8286-82C72DDCFE18}.Debug|x64.Build.0 = Debug|x64
		{3C0502B7-E25B-49B6-8286-82C72DDCFE18}.Debug|x86.ActiveCfg = Debug|Win32
		{3C0502B7-E25B-49B6-8286-82C72DDCFE18}.Debug|x86.Build.0 = Debug|Win32
		{3C0502B7-E25B-49B6-8286-82C72DDCFE18}.Release|x64.ActiveCfg = Release|x64
		{3C0502B7-E25B-49B6-8286-82C72DDCFE18}.Release|x64.Build.0 = Release|x64
		{3C0502B7-E25B-49B6-8286-82C72DDCFE18}.Release|x86.ActiveCfg = Release|Win32
		{3C0502B7-E25B-49B6-8286-82C72DDCFE18}.Release|x86.Build.0 = Release|Win32
		{ADFA15E2-0CCD-4A85-895D-AD13E4013C5E}.Debug|x64.ActiveCfg = Debug|x64
		{ADFA15E2-0CCD-4A85-895D-AD13E4013C5E}.Debug|x64.Build.0 = Debug|x64
		{ADFA15E2-0CCD-4A85-895D-AD13E4013C5E}.Debug|x86.ActiveCfg = Debug|Win32
		{ADFA15E2-0CCD-4A85-895D-AD13E4013C5E}.Debug|x86.Build.0 = Debug|Win32
		{ADFA15E2-0CCD-4A85-895D-AD13E4013C5E}.Release|x64.ActiveCfg = Release|x64
		{ADFA15E2-0CCD-4A85-895D-AD13E4013C5E}.Release|x64.Build.0 = Release|x64
		{ADFA15E2-0CCD-4A85-895D-AD13E4013C5E}.Release|x86.ActiveCfg = Release|Win32
		{ADFA15E2-0CCD-4A85-895D-AD13E4013C5E}.Release|x86.Build.0 = Release|Win32
		{6401BD65-E6C3-43A9-864F-83657016D01B}.Debug|x64.ActiveCfg = Debug|x64
		{6401BD65-E6C3-43A9-864F-83657016D01B}.Debug|x64.Build.0 = Debug|x64
		{6401BD65-E6C3-43A9-864F-83657016D01B}.Debug|x86.ActiveCfg = Debug|Win32
		{6401BD65-E6C3-43A9-864F-83657016D01B}.Debug|x86.Build.0 = Debug|Win32
		{6401BD65-E6C3-43A9-864F-83657016D01B}.Release|x64.ActiveCfg = Release|x64
		{6401BD65-E6C3-43A9-864F-83657016D01B}.Release|x64.Build.0 = Release|x64
		{6401BD65-E6C3-43A9-864F-83657016D01B}.Release|x86.ActiveCfg = Release|Win32
		{6401BD65-E6C3-43A9-864F-83657016D01B}.Release|x86.Build.0 = Release|Win32
		{7B7E837D-3DDC-40AA-A14A-981335BB1B4F}.Debug|x64.ActiveCfg = Debug|x64
		{7B7E837D-3DDC-40AA-A14A-981335BB1B4F}.Debug|x64.Build.0 = Debug|x64
		{7B7E837D-3DDC-40AA-A14A-981335BB1B4F}.Debug|x86.ActiveCfg = Debug|Win32
		{7B7E837D-3DDC-40AA-A14A-981335BB1B4F}.Debug|x86.Build.0 = Debug|Win32
		{7B7E837D-3DDC-40AA-A14A-981335BB1B4F}.Release|x64.ActiveCfg = Release|x64
		{7B7E837D-3DDC-40AA-A14A-981335BB1B4F}.Release|x64.Build.0 = Release|x64
		{7B7E837D-3DDC-40AA-A14A-981335BB1B4F}.Release|x86.ActiveCfg = Release|Win32
		{7B7E837D-3DDC-40AA-A14A-981335BB1B4F}.Release|x86.Build.0 = Release|Win32
		{D6EBCCB5-9705-4529-B13A-3509A3E69618}.Debug|x64.ActiveCfg = Debug|x64
		{D6EBCCB5-9705-4529-B13A-3509A3E69618}.Debug|x64.Build.0 = Debug|x64
		{D6EBCCB5-9705-4529-B13A-3509A3E69618}.Debug|x86.ActiveCfg = Debug|Win32
		{D6EBCCB5-9705-4529-B13A-3509A3E69618}.Debug|x86.Build.0 = Debug|Win32
		{D6EBCCB5-9705-4529-B13A-3509A3E69618}.Release|x64.ActiveCfg = Release|x64
		{D6EBCCB5-9705-4529-B13A-3509A3E69618}.Release|x64.Build.0 = Release|x64
		{D6EBCCB5-9705-4529-B13A-3509A3E69618}.Release|x86.ActiveCfg = Release|Win32
		{D6EBCCB5-9705-4529-B13A-3509A3E69618}.Release|x86.Build.0 = Release|Win32
		{BC4104E2-ADD6-41A7-A20F-279FDD15F708}.Debug|x64.ActiveCfg = Debug|x64
		{BC4104E2-ADD6-41A7-A20F-279FDD15F708}.Debug|x64.Build.0 = Debug|x64
		{BC4104E2-ADD6-41A7-A20F-279FDD15F708}.Debug|x86.ActiveCfg = Debug|Win32
		{BC4104E2-ADD6-41A7-A20F-279FDD15F708}.Debug|x86.Build.0 = Debug|Win32
		{BC4104E2-ADD6-41A7-A20F-279FDD15F708}.Release|x64.ActiveCfg = Release|x64
		{BC4104E2-ADD6-41A7-A20F-279FDD15F708}.Release|x64.Build.0 = Release|x64
		{BC4104E2-ADD6-41A7-A20F-279FDD15F708}.Release|x86.ActiveCfg = Release|Win32
		{BC4104E2-ADD6-41A7-A20F-279FDD15F708}.Release|x86.Build.0 = Release|Win32
		{6771AFAF-BD43-45F0-A887-5A7A931D1886}.Debug|x64.ActiveCfg = Debug|x64
		{6771AFAF-BD43-45F0-A887-5A7A931D1886}.Debug|x64.Build.0 = Debug|x64
		{6771AFAF-BD43-45F0-A887-5A7A931D1886}.Debug|x86.ActiveCfg = Debug|Win32
		{6771AFAF-BD43-45F0-A887-5A7A931D1886}.Debug|x86.Build.0 = Debug|Win32
		{6771AFAF-BD43-45F0-A887-5A7A931D1886}.Release|x64.ActiveCfg = Release|x64
		{6771AFAF-BD43-45F0-A887-5A7A931D1886}.Release|x64.Build.0 = Release|x64
		{6771AFAF-BD43-45F0-A887-5A7A931D1886}.Release|x86.ActiveCfg = Release|Win32
		{6771AFAF-BD43-45F0-A887-5A7A931D1886}.Release|x86.Build.0 = Release|Win32
	EndGlobalSection
	GlobalSection(SolutionProperties) = preSolution
		HideSolutionNode = FALSE
	EndGlobalSection
EndGlobal
