
Microsoft Visual Studio Solution File, Format Version 12.00
# Visual Studio 14
VisualStudioVersion = 14.0.24720.0
MinimumVisualStudioVersion = 10.0.40219.1
Project("{8BC9CEB8-8B4A-11D0-8D11-00A0C91BC942}") = "338. Counting Bits", "338. Counting Bits\338. Counting Bits.vcxproj", "{B1694496-000C-400E-8C62-9DABAF8BFB69}"
EndProject
Project("{8BC9CEB8-8B4A-11D0-8D11-00A0C91BC942}") = "292. Nim Game", "292. Nim Game\292. Nim Game.vcxproj", "{340FE9D9-1265-4382-8C00-4705D3AA7AC7}"
EndProject
Project("{8BC9CEB8-8B4A-11D0-8D11-00A0C91BC942}") = "136. Single Number", "136. Single Number\136. Single Number.vcxproj", "{3C0502B7-E25B-49B6-8286-82C72DDCFE18}"
EndProject
Project("{8BC9CEB8-8B4A-11D0-8D11-00A0C91BC942}") = "258. Add Digits", "258. Add Digits\258. Add Digits.vcxproj", "{ADFA15E2-0CCD-4A85-895D-AD13E4013C5E}"
EndProject
Project("{8BC9CEB8-8B4A-11D0-8D11-00A0C91BC942}") = "104. Maximum Depth of Binary Tree", "104. Maximum Depth of Binary Tree\104. Maximum Depth of Binary Tree.vcxproj", "{6401BD65-E6C3-43A9-864F-83657016D01B}"
EndProject
Project("{8BC9CEB8-8B4A-11D0-8D11-00A0C91BC942}") = "226. Invert Binary Tree", "226. Invert Binary Tree\226. Invert Binary Tree.vcxproj", "{7B7E837D-3DDC-40AA-A14A-981335BB1B4F}"
EndProject
Project("{8BC9CEB8-8B4A-11D0-8D11-00A0C91BC942}") = "283. Move Zeroes", "283. Move Zeroes\283. Move Zeroes.vcxproj", "{D6EBCCB5-9705-4529-B13A-3509A3E69618}"
EndProject
Project("{8BC9CEB8-8B4A-11D0-8D11-00A0C91BC942}") = "237. Delete Node in a Linked List", "237. Delete Node in a Linked List\237. Delete Node in a Linked List.vcxproj", "{BC4104E2-ADD6-41A7-A20F-279FDD15F708}"
EndProject
Project("{8BC9CEB8-8B4A-11D0-8D11-00A0C91BC942}") = "260. Single Number III", "260. Single Number III\260. Single Number III.vcxproj", "{6771AFAF-BD43-45F0-A887-5A7A931D1886}"
EndProject
Project("{8BC9CEB8-8B4A-11D0-8D11-00A0C91BC942}") = "100. Same Tree", "100. Same Tree\100. Same Tree.vcxproj", "{5E5BD0ED-1316-45CB-8060-878DAF74A8A7}"
EndProject
Project("{8BC9CEB8-8B4A-11D0-8D11-00A0C91BC942}") = "238. Product of Array Except Self", "238. Product of Array Except Self\238. Product of Array Except Self.vcxproj", "{01981572-002C-48E5-8B67-2B797CEBCD83}"
EndProject
Project("{8BC9CEB8-8B4A-11D0-8D11-00A0C91BC942}") = "122. Best Time to Buy and Sell Stock II", "122. Best Time to Buy and Sell Stock II\122. Best Time to Buy and Sell Stock II.vcxproj", "{4C81CF97-E115-4D07-B7C0-9FE51AE2FF6D}"
EndProject
Project("{8BC9CEB8-8B4A-11D0-8D11-00A0C91BC942}") = "236. Lowest Common Ancestor of a Binary Tree", "236. Lowest Common Ancestor of a Binary Tree\236. Lowest Common Ancestor of a Binary Tree.vcxproj", "{9B755EFA-346F-41BD-AEA8-595CD83DD611}"
EndProject
Project("{8BC9CEB8-8B4A-11D0-8D11-00A0C91BC942}") = "49. Group Anagrams", "49. Group Anagrams\49. Group Anagrams.vcxproj", "{874D5088-C4C1-4AFA-AFBF-01860A33A1AA}"
EndProject
Project("{8BC9CEB8-8B4A-11D0-8D11-00A0C91BC942}") = "242. Valid Anagram", "242. Valid Anagram\242. Valid Anagram.vcxproj", "{A8453ADD-7847-4513-92A0-C3773046BBBD}"
EndProject
Project("{8BC9CEB8-8B4A-11D0-8D11-00A0C91BC942}") = "168. Excel Sheet Column Title", "168. Excel Sheet Column Title\168. Excel Sheet Column Title.vcxproj", "{24E68A0B-FF1E-467E-899B-B0C1AFA518B7}"
EndProject
Project("{8BC9CEB8-8B4A-11D0-8D11-00A0C91BC942}") = "23. Merge k Sorted Lists", "23. Merge k Sorted Lists\23. Merge k Sorted Lists.vcxproj", "{4C71841B-E90B-43C5-9F74-780D822223B6}"
EndProject
Project("{8BC9CEB8-8B4A-11D0-8D11-00A0C91BC942}") = "326. Power of Three", "326. Power of Three\326. Power of Three.vcxproj", "{872530B6-0C91-46E9-93FD-CA0D5892BC69}"
EndProject
Project("{8BC9CEB8-8B4A-11D0-8D11-00A0C91BC942}") = "171. Excel Sheet Column Number", "171. Excel Sheet Column Number\171. Excel Sheet Column Number.vcxproj", "{B2879671-A9A0-49F3-8C50-BE22B45CF24C}"
EndProject
Project("{8BC9CEB8-8B4A-11D0-8D11-00A0C91BC942}") = "130. Surrounded Regions", "130. Surrounded Regions\130. Surrounded Regions.vcxproj", "{FF1E0A78-FD06-4DC7-A12F-DFC55558529C}"
EndProject
Project("{8BC9CEB8-8B4A-11D0-8D11-00A0C91BC942}") = "217. Contains Duplicate", "217. Contains Duplicate\217. Contains Duplicate.vcxproj", "{35FEC896-2204-41F1-8DD2-3E90FA5AA285}"
EndProject
Project("{8BC9CEB8-8B4A-11D0-8D11-00A0C91BC942}") = "169. Majority Element", "169. Majority Element\169. Majority Element.vcxproj", "{81E89F06-5839-44EA-95A2-CF651B894C86}"
EndProject
Project("{8BC9CEB8-8B4A-11D0-8D11-00A0C91BC942}") = "206. Reverse Linked List", "206. Reverse Linked List\206. Reverse Linked List.vcxproj", "{F24FC6FF-8DDB-42B0-B7AD-C140F9C3FAE7}"
EndProject
Project("{8BC9CEB8-8B4A-11D0-8D11-00A0C91BC942}") = "231. Power of Two", "231. Power of Two\231. Power of Two.vcxproj", "{09256889-2F5F-4994-A26F-DAE1F65209A3}"
EndProject
Project("{8BC9CEB8-8B4A-11D0-8D11-00A0C91BC942}") = "66. Plus One", "66. Plus One\66. Plus One.vcxproj", "{B2A20132-DE14-4BB5-8B13-76C66960DE1D}"
EndProject
Project("{8BC9CEB8-8B4A-11D0-8D11-00A0C91BC942}") = "27. Remove Element", "27. Remove Element\27. Remove Element.vcxproj", "{042AA33D-88B0-409F-BD52-2C40D6E404FB}"
EndProject
Global
	GlobalSection(SolutionConfigurationPlatforms) = preSolution
		Debug|x64 = Debug|x64
		Debug|x86 = Debug|x86
		Release|x64 = Release|x64
		Release|x86 = Release|x86
	EndGlobalSection
	GlobalSection(ProjectConfigurationPlatforms) = postSolution
		{B1694496-000C-400E-8C62-9DABAF8BFB69}.Debug|x64.ActiveCfg = Debug|x64
		{B1694496-000C-400E-8C62-9DABAF8BFB69}.Debug|x64.Build.0 = Debug|x64
		{B1694496-000C-400E-8C62-9DABAF8BFB69}.Debug|x86.ActiveCfg = Debug|Win32
		{B1694496-000C-400E-8C62-9DABAF8BFB69}.Debug|x86.Build.0 = Debug|Win32
		{B1694496-000C-400E-8C62-9DABAF8BFB69}.Release|x64.ActiveCfg = Release|x64
		{B1694496-000C-400E-8C62-9DABAF8BFB69}.Release|x64.Build.0 = Release|x64
		{B1694496-000C-400E-8C62-9DABAF8BFB69}.Release|x86.ActiveCfg = Release|Win32
		{B1694496-000C-400E-8C62-9DABAF8BFB69}.Release|x86.Build.0 = Release|Win32
		{340FE9D9-1265-4382-8C00-4705D3AA7AC7}.Debug|x64.ActiveCfg = Debug|x64
		{340FE9D9-1265-4382-8C00-4705D3AA7AC7}.Debug|x64.Build.0 = Debug|x64
		{340FE9D9-1265-4382-8C00-4705D3AA7AC7}.Debug|x86.ActiveCfg = Debug|Win32
		{340FE9D9-1265-4382-8C00-4705D3AA7AC7}.Debug|x86.Build.0 = Debug|Win32
		{340FE9D9-1265-4382-8C00-4705D3AA7AC7}.Release|x64.ActiveCfg = Release|x64
		{340FE9D9-1265-4382-8C00-4705D3AA7AC7}.Release|x64.Build.0 = Release|x64
		{340FE9D9-1265-4382-8C00-4705D3AA7AC7}.Release|x86.ActiveCfg = Release|Win32
		{340FE9D9-1265-4382-8C00-4705D3AA7AC7}.Release|x86.Build.0 = Release|Win32
		{3C0502B7-E25B-49B6-8286-82C72DDCFE18}.Debug|x64.ActiveCfg = Debug|x64
		{3C0502B7-E25B-49B6-8286-82C72DDCFE18}.Debug|x64.Build.0 = Debug|x64
		{3C0502B7-E25B-49B6-8286-82C72DDCFE18}.Debug|x86.ActiveCfg = Debug|Win32
		{3C0502B7-E25B-49B6-8286-82C72DDCFE18}.Debug|x86.Build.0 = Debug|Win32
		{3C0502B7-E25B-49B6-8286-82C72DDCFE18}.Release|x64.ActiveCfg = Release|x64
		{3C0502B7-E25B-49B6-8286-82C72DDCFE18}.Release|x64.Build.0 = Release|x64
		{3C0502B7-E25B-49B6-8286-82C72DDCFE18}.Release|x86.ActiveCfg = Release|Win32
		{3C0502B7-E25B-49B6-8286-82C72DDCFE18}.Release|x86.Build.0 = Release|Win32
		{ADFA15E2-0CCD-4A85-895D-AD13E4013C5E}.Debug|x64.ActiveCfg = Debug|x64
		{ADFA15E2-0CCD-4A85-895D-AD13E4013C5E}.Debug|x64.Build.0 = Debug|x64
		{ADFA15E2-0CCD-4A85-895D-AD13E4013C5E}.Debug|x86.ActiveCfg = Debug|Win32
		{ADFA15E2-0CCD-4A85-895D-AD13E4013C5E}.Debug|x86.Build.0 = Debug|Win32
		{ADFA15E2-0CCD-4A85-895D-AD13E4013C5E}.Release|x64.ActiveCfg = Release|x64
		{ADFA15E2-0CCD-4A85-895D-AD13E4013C5E}.Release|x64.Build.0 = Release|x64
		{ADFA15E2-0CCD-4A85-895D-AD13E4013C5E}.Release|x86.ActiveCfg = Release|Win32
		{ADFA15E2-0CCD-4A85-895D-AD13E4013C5E}.Release|x86.Build.0 = Release|Win32
		{6401BD65-E6C3-43A9-864F-83657016D01B}.Debug|x64.ActiveCfg = Debug|x64
		{6401BD65-E6C3-43A9-864F-83657016D01B}.Debug|x64.Build.0 = Debug|x64
		{6401BD65-E6C3-43A9-864F-83657016D01B}.Debug|x86.ActiveCfg = Debug|Win32
		{6401BD65-E6C3-43A9-864F-83657016D01B}.Debug|x86.Build.0 = Debug|Win32
		{6401BD65-E6C3-43A9-864F-83657016D01B}.Release|x64.ActiveCfg = Release|x64
		{6401BD65-E6C3-43A9-864F-83657016D01B}.Release|x64.Build.0 = Release|x64
		{6401BD65-E6C3-43A9-864F-83657016D01B}.Release|x86.ActiveCfg = Release|Win32
		{6401BD65-E6C3-43A9-864F-83657016D01B}.Release|x86.Build.0 = Release|Win32
		{7B7E837D-3DDC-40AA-A14A-981335BB1B4F}.Debug|x64.ActiveCfg = Debug|x64
		{7B7E837D-3DDC-40AA-A14A-981335BB1B4F}.Debug|x64.Build.0 = Debug|x64
		{7B7E837D-3DDC-40AA-A14A-981335BB1B4F}.Debug|x86.ActiveCfg = Debug|Win32
		{7B7E837D-3DDC-40AA-A14A-981335BB1B4F}.Debug|x86.Build.0 = Debug|Win32
		{7B7E837D-3DDC-40AA-A14A-981335BB1B4F}.Release|x64.ActiveCfg = Release|x64
		{7B7E837D-3DDC-40AA-A14A-981335BB1B4F}.Release|x64.Build.0 = Release|x64
		{7B7E837D-3DDC-40AA-A14A-981335BB1B4F}.Release|x86.ActiveCfg = Release|Win32
		{7B7E837D-3DDC-40AA-A14A-981335BB1B4F}.Release|x86.Build.0 = Release|Win32
		{D6EBCCB5-9705-4529-B13A-3509A3E69618}.Debug|x64.ActiveCfg = Debug|x64
		{D6EBCCB5-9705-4529-B13A-3509A3E69618}.Debug|x64.Build.0 = Debug|x64
		{D6EBCCB5-9705-4529-B13A-3509A3E69618}.Debug|x86.ActiveCfg = Debug|Win32
		{D6EBCCB5-9705-4529-B13A-3509A3E69618}.Debug|x86.Build.0 = Debug|Win32
		{D6EBCCB5-9705-4529-B13A-3509A3E69618}.Release|x64.ActiveCfg = Release|x64
		{D6EBCCB5-9705-4529-B13A-3509A3E69618}.Release|x64.Build.0 = Release|x64
		{D6EBCCB5-9705-4529-B13A-3509A3E69618}.Release|x86.ActiveCfg = Release|Win32
		{D6EBCCB5-9705-4529-B13A-3509A3E69618}.Release|x86.Build.0 = Release|Win32
		{BC4104E2-ADD6-41A7-A20F-279FDD15F708}.Debug|x64.ActiveCfg = Debug|x64
		{BC4104E2-ADD6-41A7-A20F-279FDD15F708}.Debug|x64.Build.0 = Debug|x64
		{BC4104E2-ADD6-41A7-A20F-279FDD15F708}.Debug|x86.ActiveCfg = Debug|Win32
		{BC4104E2-ADD6-41A7-A20F-279FDD15F708}.Debug|x86.Build.0 = Debug|Win32
		{BC4104E2-ADD6-41A7-A20F-279FDD15F708}.Release|x64.ActiveCfg = Release|x64
		{BC4104E2-ADD6-41A7-A20F-279FDD15F708}.Release|x64.Build.0 = Release|x64
		{BC4104E2-ADD6-41A7-A20F-279FDD15F708}.Release|x86.ActiveCfg = Release|Win32
		{BC4104E2-ADD6-41A7-A20F-279FDD15F708}.Release|x86.Build.0 = Release|Win32
		{6771AFAF-BD43-45F0-A887-5A7A931D1886}.Debug|x64.ActiveCfg = Debug|x64
		{6771AFAF-BD43-45F0-A887-5A7A931D1886}.Debug|x64.Build.0 = Debug|x64
		{6771AFAF-BD43-45F0-A887-5A7A931D1886}.Debug|x86.ActiveCfg = Debug|Win32
		{6771AFAF-BD43-45F0-A887-5A7A931D1886}.Debug|x86.Build.0 = Debug|Win32
		{6771AFAF-BD43-45F0-A887-5A7A931D1886}.Release|x64.ActiveCfg = Release|x64
		{6771AFAF-BD43-45F0-A887-5A7A931D1886}.Release|x64.Build.0 = Release|x64
		{6771AFAF-BD43-45F0-A887-5A7A931D1886}.Release|x86.ActiveCfg = Release|Win32
		{6771AFAF-BD43-45F0-A887-5A7A931D1886}.Release|x86.Build.0 = Release|Win32
		{5E5BD0ED-1316-45CB-8060-878DAF74A8A7}.Debug|x64.ActiveCfg = Debug|x64
		{5E5BD0ED-1316-45CB-8060-878DAF74A8A7}.Debug|x64.Build.0 = Debug|x64
		{5E5BD0ED-1316-45CB-8060-878DAF74A8A7}.Debug|x86.ActiveCfg = Debug|Win32
		{5E5BD0ED-1316-45CB-8060-878DAF74A8A7}.Debug|x86.Build.0 = Debug|Win32
		{5E5BD0ED-1316-45CB-8060-878DAF74A8A7}.Release|x64.ActiveCfg = Release|x64
		{5E5BD0ED-1316-45CB-8060-878DAF74A8A7}.Release|x64.Build.0 = Release|x64
		{5E5BD0ED-1316-45CB-8060-878DAF74A8A7}.Release|x86.ActiveCfg = Release|Win32
		{5E5BD0ED-1316-45CB-8060-878DAF74A8A7}.Release|x86.Build.0 = Release|Win32
		{01981572-002C-48E5-8B67-2B797CEBCD83}.Debug|x64.ActiveCfg = Debug|x64
		{01981572-002C-48E5-8B67-2B797CEBCD83}.Debug|x64.Build.0 = Debug|x64
		{01981572-002C-48E5-8B67-2B797CEBCD83}.Debug|x86.ActiveCfg = Debug|Win32
		{01981572-002C-48E5-8B67-2B797CEBCD83}.Debug|x86.Build.0 = Debug|Win32
		{01981572-002C-48E5-8B67-2B797CEBCD83}.Release|x64.ActiveCfg = Release|x64
		{01981572-002C-48E5-8B67-2B797CEBCD83}.Release|x64.Build.0 = Release|x64
		{01981572-002C-48E5-8B67-2B797CEBCD83}.Release|x86.ActiveCfg = Release|Win32
		{01981572-002C-48E5-8B67-2B797CEBCD83}.Release|x86.Build.0 = Release|Win32
		{4C81CF97-E115-4D07-B7C0-9FE51AE2FF6D}.Debug|x64.ActiveCfg = Debug|x64
		{4C81CF97-E115-4D07-B7C0-9FE51AE2FF6D}.Debug|x64.Build.0 = Debug|x64
		{4C81CF97-E115-4D07-B7C0-9FE51AE2FF6D}.Debug|x86.ActiveCfg = Debug|Win32
		{4C81CF97-E115-4D07-B7C0-9FE51AE2FF6D}.Debug|x86.Build.0 = Debug|Win32
		{4C81CF97-E115-4D07-B7C0-9FE51AE2FF6D}.Release|x64.ActiveCfg = Release|x64
		{4C81CF97-E115-4D07-B7C0-9FE51AE2FF6D}.Release|x64.Build.0 = Release|x64
		{4C81CF97-E115-4D07-B7C0-9FE51AE2FF6D}.Release|x86.ActiveCfg = Release|Win32
		{4C81CF97-E115-4D07-B7C0-9FE51AE2FF6D}.Release|x86.Build.0 = Release|Win32
		{9B755EFA-346F-41BD-AEA8-595CD83DD611}.Debug|x64.ActiveCfg = Debug|x64
		{9B755EFA-346F-41BD-AEA8-595CD83DD611}.Debug|x64.Build.0 = Debug|x64
		{9B755EFA-346F-41BD-AEA8-595CD83DD611}.Debug|x86.ActiveCfg = Debug|Win32
		{9B755EFA-346F-41BD-AEA8-595CD83DD611}.Debug|x86.Build.0 = Debug|Win32
		{9B755EFA-346F-41BD-AEA8-595CD83DD611}.Release|x64.ActiveCfg = Release|x64
		{9B755EFA-346F-41BD-AEA8-595CD83DD611}.Release|x64.Build.0 = Release|x64
		{9B755EFA-346F-41BD-AEA8-595CD83DD611}.Release|x86.ActiveCfg = Release|Win32
		{9B755EFA-346F-41BD-AEA8-595CD83DD611}.Release|x86.Build.0 = Release|Win32
		{874D5088-C4C1-4AFA-AFBF-01860A33A1AA}.Debug|x64.ActiveCfg = Debug|x64
		{874D5088-C4C1-4AFA-AFBF-01860A33A1AA}.Debug|x64.Build.0 = Debug|x64
		{874D5088-C4C1-4AFA-AFBF-01860A33A1AA}.Debug|x86.ActiveCfg = Debug|Win32
		{874D5088-C4C1-4AFA-AFBF-01860A33A1AA}.Debug|x86.Build.0 = Debug|Win32
		{874D5088-C4C1-4AFA-AFBF-01860A33A1AA}.Release|x64.ActiveCfg = Release|x64
		{874D5088-C4C1-4AFA-AFBF-01860A33A1AA}.Release|x64.Build.0 = Release|x64
		{874D5088-C4C1-4AFA-AFBF-01860A33A1AA}.Release|x86.ActiveCfg = Release|Win32
		{874D5088-C4C1-4AFA-AFBF-01860A33A1AA}.Release|x86.Build.0 = Release|Win32
		{A8453ADD-7847-4513-92A0-C3773046BBBD}.Debug|x64.ActiveCfg = Debug|x64
		{A8453ADD-7847-4513-92A0-C3773046BBBD}.Debug|x64.Build.0 = Debug|x64
		{A8453ADD-7847-4513-92A0-C3773046BBBD}.Debug|x86.ActiveCfg = Debug|Win32
		{A8453ADD-7847-4513-92A0-C3773046BBBD}.Debug|x86.Build.0 = Debug|Win32
		{A8453ADD-7847-4513-92A0-C3773046BBBD}.Release|x64.ActiveCfg = Release|x64
		{A8453ADD-7847-4513-92A0-C3773046BBBD}.Release|x64.Build.0 = Release|x64
		{A8453ADD-7847-4513-92A0-C3773046BBBD}.Release|x86.ActiveCfg = Release|Win32
		{A8453ADD-7847-4513-92A0-C3773046BBBD}.Release|x86.Build.0 = Release|Win32
		{24E68A0B-FF1E-467E-899B-B0C1AFA518B7}.Debug|x64.ActiveCfg = Debug|x64
		{24E68A0B-FF1E-467E-899B-B0C1AFA518B7}.Debug|x64.Build.0 = Debug|x64
		{24E68A0B-FF1E-467E-899B-B0C1AFA518B7}.Debug|x86.ActiveCfg = Debug|Win32
		{24E68A0B-FF1E-467E-899B-B0C1AFA518B7}.Debug|x86.Build.0 = Debug|Win32
		{24E68A0B-FF1E-467E-899B-B0C1AFA518B7}.Release|x64.ActiveCfg = Release|x64
		{24E68A0B-FF1E-467E-899B-B0C1AFA518B7}.Release|x64.Build.0 = Release|x64
		{24E68A0B-FF1E-467E-899B-B0C1AFA518B7}.Release|x86.ActiveCfg = Release|Win32
		{24E68A0B-FF1E-467E-899B-B0C1AFA518B7}.Release|x86.Build.0 = Release|Win32
		{4C71841B-E90B-43C5-9F74-780D822223B6}.Debug|x64.ActiveCfg = Debug|x64
		{4C71841B-E90B-43C5-9F74-780D822223B6}.Debug|x64.Build.0 = Debug|x64
		{4C71841B-E90B-43C5-9F74-780D822223B6}.Debug|x86.ActiveCfg = Debug|Win32
		{4C71841B-E90B-43C5-9F74-780D822223B6}.Debug|x86.Build.0 = Debug|Win32
		{4C71841B-E90B-43C5-9F74-780D822223B6}.Release|x64.ActiveCfg = Release|x64
		{4C71841B-E90B-43C5-9F74-780D822223B6}.Release|x64.Build.0 = Release|x64
		{4C71841B-E90B-43C5-9F74-780D822223B6}.Release|x86.ActiveCfg = Release|Win32
		{4C71841B-E90B-43C5-9F74-780D822223B6}.Release|x86.Build.0 = Release|Win32
		{872530B6-0C91-46E9-93FD-CA0D5892BC69}.Debug|x64.ActiveCfg = Debug|x64
		{872530B6-0C91-46E9-93FD-CA0D5892BC69}.Debug|x64.Build.0 = Debug|x64
		{872530B6-0C91-46E9-93FD-CA0D5892BC69}.Debug|x86.ActiveCfg = Debug|Win32
		{872530B6-0C91-46E9-93FD-CA0D5892BC69}.Debug|x86.Build.0 = Debug|Win32
		{872530B6-0C91-46E9-93FD-CA0D5892BC69}.Release|x64.ActiveCfg = Release|x64
		{872530B6-0C91-46E9-93FD-CA0D5892BC69}.Release|x64.Build.0 = Release|x64
		{872530B6-0C91-46E9-93FD-CA0D5892BC69}.Release|x86.ActiveCfg = Release|Win32
		{872530B6-0C91-46E9-93FD-CA0D5892BC69}.Release|x86.Build.0 = Release|Win32
		{B2879671-A9A0-49F3-8C50-BE22B45CF24C}.Debug|x64.ActiveCfg = Debug|x64
		{B2879671-A9A0-49F3-8C50-BE22B45CF24C}.Debug|x64.Build.0 = Debug|x64
		{B2879671-A9A0-49F3-8C50-BE22B45CF24C}.Debug|x86.ActiveCfg = Debug|Win32
		{B2879671-A9A0-49F3-8C50-BE22B45CF24C}.Debug|x86.Build.0 = Debug|Win32
		{B2879671-A9A0-49F3-8C50-BE22B45CF24C}.Release|x64.ActiveCfg = Release|x64
		{B2879671-A9A0-49F3-8C50-BE22B45CF24C}.Release|x64.Build.0 = Release|x64
		{B2879671-A9A0-49F3-8C50-BE22B45CF24C}.Release|x86.ActiveCfg = Release|Win32
		{B2879671-A9A0-49F3-8C50-BE22B45CF24C}.Release|x86.Build.0 = Release|Win32
		{FF1E0A78-FD06-4DC7-A12F-DFC55558529C}.Debug|x64.ActiveCfg = Debug|x64
		{FF1E0A78-FD06-4DC7-A12F-DFC55558529C}.Debug|x64.Build.0 = Debug|x64
		{FF1E0A78-FD06-4DC7-A12F-DFC55558529C}.Debug|x86.ActiveCfg = Debug|Win32
		{FF1E0A78-FD06-4DC7-A12F-DFC55558529C}.Debug|x86.Build.0 = Debug|Win32
		{FF1E0A78-FD06-4DC7-A12F-DFC55558529C}.Release|x64.ActiveCfg = Release|x64
		{FF1E0A78-FD06-4DC7-A12F-DFC55558529C}.Release|x64.Build.0 = Release|x64
		{FF1E0A78-FD06-4DC7-A12F-DFC55558529C}.Release|x86.ActiveCfg = Release|Win32
		{FF1E0A78-FD06-4DC7-A12F-DFC55558529C}.Release|x86.Build.0 = Release|Win32
		{35FEC896-2204-41F1-8DD2-3E90FA5AA285}.Debug|x64.ActiveCfg = Debug|x64
		{35FEC896-2204-41F1-8DD2-3E90FA5AA285}.Debug|x64.Build.0 = Debug|x64
		{35FEC896-2204-41F1-8DD2-3E90FA5AA285}.Debug|x86.ActiveCfg = Debug|Win32
		{35FEC896-2204-41F1-8DD2-3E90FA5AA285}.Debug|x86.Build.0 = Debug|Win32
		{35FEC896-2204-41F1-8DD2-3E90FA5AA285}.Release|x64.ActiveCfg = Release|x64
		{35FEC896-2204-41F1-8DD2-3E90FA5AA285}.Release|x64.Build.0 = Release|x64
		{35FEC896-2204-41F1-8DD2-3E90FA5AA285}.Release|x86.ActiveCfg = Release|Win32
		{35FEC896-2204-41F1-8DD2-3E90FA5AA285}.Release|x86.Build.0 = Release|Win32
		{81E89F06-5839-44EA-95A2-CF651B894C86}.Debug|x64.ActiveCfg = Debug|x64
		{81E89F06-5839-44EA-95A2-CF651B894C86}.Debug|x64.Build.0 = Debug|x64
		{81E89F06-5839-44EA-95A2-CF651B894C86}.Debug|x86.ActiveCfg = Debug|Win32
		{81E89F06-5839-44EA-95A2-CF651B894C86}.Debug|x86.Build.0 = Debug|Win32
		{81E89F06-5839-44EA-95A2-CF651B894C86}.Release|x64.ActiveCfg = Release|x64
		{81E89F06-5839-44EA-95A2-CF651B894C86}.Release|x64.Build.0 = Release|x64
		{81E89F06-5839-44EA-95A2-CF651B894C86}.Release|x86.ActiveCfg = Release|Win32
		{81E89F06-5839-44EA-95A2-CF651B894C86}.Release|x86.Build.0 = Release|Win32
		{F24FC6FF-8DDB-42B0-B7AD-C140F9C3FAE7}.Debug|x64.ActiveCfg = Debug|x64
		{F24FC6FF-8DDB-42B0-B7AD-C140F9C3FAE7}.Debug|x64.Build.0 = Debug|x64
		{F24FC6FF-8DDB-42B0-B7AD-C140F9C3FAE7}.Debug|x86.ActiveCfg = Debug|Win32
		{F24FC6FF-8DDB-42B0-B7AD-C140F9C3FAE7}.Debug|x86.Build.0 = Debug|Win32
		{F24FC6FF-8DDB-42B0-B7AD-C140F9C3FAE7}.Release|x64.ActiveCfg = Release|x64
		{F24FC6FF-8DDB-42B0-B7AD-C140F9C3FAE7}.Release|x64.Build.0 = Release|x64
		{F24FC6FF-8DDB-42B0-B7AD-C140F9C3FAE7}.Release|x86.ActiveCfg = Release|Win32
		{F24FC6FF-8DDB-42B0-B7AD-C140F9C3FAE7}.Release|x86.Build.0 = Release|Win32
		{09256889-2F5F-4994-A26F-DAE1F65209A3}.Debug|x64.ActiveCfg = Debug|x64
		{09256889-2F5F-4994-A26F-DAE1F65209A3}.Debug|x64.Build.0 = Debug|x64
		{09256889-2F5F-4994-A26F-DAE1F65209A3}.Debug|x86.ActiveCfg = Debug|Win32
		{09256889-2F5F-4994-A26F-DAE1F65209A3}.Debug|x86.Build.0 = Debug|Win32
		{09256889-2F5F-4994-A26F-DAE1F65209A3}.Release|x64.ActiveCfg = Release|x64
		{09256889-2F5F-4994-A26F-DAE1F65209A3}.Release|x64.Build.0 = Release|x64
		{09256889-2F5F-4994-A26F-DAE1F65209A3}.Release|x86.ActiveCfg = Release|Win32
		{09256889-2F5F-4994-A26F-DAE1F65209A3}.Release|x86.Build.0 = Release|Win32
		{B2A20132-DE14-4BB5-8B13-76C66960DE1D}.Debug|x64.ActiveCfg = Debug|x64
		{B2A20132-DE14-4BB5-8B13-76C66960DE1D}.Debug|x64.Build.0 = Debug|x64
		{B2A20132-DE14-4BB5-8B13-76C66960DE1D}.Debug|x86.ActiveCfg = Debug|Win32
		{B2A20132-DE14-4BB5-8B13-76C66960DE1D}.Debug|x86.Build.0 = Debug|Win32
		{B2A20132-DE14-4BB5-8B13-76C66960DE1D}.Release|x64.ActiveCfg = Release|x64
		{B2A20132-DE14-4BB5-8B13-76C66960DE1D}.Release|x64.Build.0 = Release|x64
		{B2A20132-DE14-4BB5-8B13-76C66960DE1D}.Release|x86.ActiveCfg = Release|Win32
		{B2A20132-DE14-4BB5-8B13-76C66960DE1D}.Release|x86.Build.0 = Release|Win32
		{042AA33D-88B0-409F-BD52-2C40D6E404FB}.Debug|x64.ActiveCfg = Debug|x64
		{042AA33D-88B0-409F-BD52-2C40D6E404FB}.Debug|x64.Build.0 = Debug|x64
		{042AA33D-88B0-409F-BD52-2C40D6E404FB}.Debug|x86.ActiveCfg = Debug|Win32
		{042AA33D-88B0-409F-BD52-2C40D6E404FB}.Debug|x86.Build.0 = Debug|Win32
		{042AA33D-88B0-409F-BD52-2C40D6E404FB}.Release|x64.ActiveCfg = Release|x64
		{042AA33D-88B0-409F-BD52-2C40D6E404FB}.Release|x64.Build.0 = Release|x64
		{042AA33D-88B0-409F-BD52-2C40D6E404FB}.Release|x86.ActiveCfg = Release|Win32
		{042AA33D-88B0-409F-BD52-2C40D6E404FB}.Release|x86.Build.0 = Release|Win32
	EndGlobalSection
	GlobalSection(SolutionProperties) = preSolution
		HideSolutionNode = FALSE
	EndGlobalSection
EndGlobal
